// !$*UTF8*$!
{
	archiveVersion = 1;
	classes = {
	};
	objectVersion = 50;
	objects = {

/* Begin PBXBuildFile section */
		D218D65021C74734006D8A04 /* AppDelegate.m in Sources */ = {isa = PBXBuildFile; fileRef = D218D64F21C74734006D8A04 /* AppDelegate.m */; };
		D218D65821C74736006D8A04 /* Assets.xcassets in Resources */ = {isa = PBXBuildFile; fileRef = D218D65721C74736006D8A04 /* Assets.xcassets */; };
		D218D65B21C74736006D8A04 /* LaunchScreen.storyboard in Resources */ = {isa = PBXBuildFile; fileRef = D218D65921C74736006D8A04 /* LaunchScreen.storyboard */; };
		D218D65E21C74736006D8A04 /* main.m in Sources */ = {isa = PBXBuildFile; fileRef = D218D65D21C74736006D8A04 /* main.m */; };
		D218D66721C781C9006D8A04 /* DetailViewController.m in Sources */ = {isa = PBXBuildFile; fileRef = D218D66621C781C9006D8A04 /* DetailViewController.m */; };
		D218DEF121C8BDD3006D8A04 /* HYBluetooth.m in Sources */ = {isa = PBXBuildFile; fileRef = D218DEF021C8BDD3006D8A04 /* HYBluetooth.m */; };
		D2857BFA21C9160E00145DEE /* RootVC.m in Sources */ = {isa = PBXBuildFile; fileRef = D2857BF921C9160E00145DEE /* RootVC.m */; };
		D2857BFD21C9ED4900145DEE /* PeripheralInfo.m in Sources */ = {isa = PBXBuildFile; fileRef = D2857BFC21C9ED4800145DEE /* PeripheralInfo.m */; };
		D2857C0121CA18DD00145DEE /* HYPeripheralCell.m in Sources */ = {isa = PBXBuildFile; fileRef = D2857BFF21CA18DD00145DEE /* HYPeripheralCell.m */; };
		D2857C0221CA18DD00145DEE /* HYPeripheralCell.xib in Resources */ = {isa = PBXBuildFile; fileRef = D2857C0021CA18DD00145DEE /* HYPeripheralCell.xib */; };
		D2857C0921CA29FC00145DEE /* NotificationVC.m in Sources */ = {isa = PBXBuildFile; fileRef = D2857C0721CA29FC00145DEE /* NotificationVC.m */; };
		D2857C0A21CA29FC00145DEE /* NotificationVC.xib in Resources */ = {isa = PBXBuildFile; fileRef = D2857C0821CA29FC00145DEE /* NotificationVC.xib */; };
		D2857C0D21CA3C5F00145DEE /* NSData+UTF8.m in Sources */ = {isa = PBXBuildFile; fileRef = D2857C0C21CA3C5F00145DEE /* NSData+UTF8.m */; };
/* End PBXBuildFile section */

/* Begin PBXFileReference section */
		D218D64B21C74734006D8A04 /* HYBluetoothManager.app */ = {isa = PBXFileReference; explicitFileType = wrapper.application; includeInIndex = 0; path = HYBluetoothManager.app; sourceTree = BUILT_PRODUCTS_DIR; };
		D218D64E21C74734006D8A04 /* AppDelegate.h */ = {isa = PBXFileReference; lastKnownFileType = sourcecode.c.h; path = AppDelegate.h; sourceTree = "<group>"; };
		D218D64F21C74734006D8A04 /* AppDelegate.m */ = {isa = PBXFileReference; lastKnownFileType = sourcecode.c.objc; path = AppDelegate.m; sourceTree = "<group>"; };
		D218D65721C74736006D8A04 /* Assets.xcassets */ = {isa = PBXFileReference; lastKnownFileType = folder.assetcatalog; path = Assets.xcassets; sourceTree = "<group>"; };
		D218D65A21C74736006D8A04 /* Base */ = {isa = PBXFileReference; lastKnownFileType = file.storyboard; name = Base; path = Base.lproj/LaunchScreen.storyboard; sourceTree = "<group>"; };
		D218D65C21C74736006D8A04 /* Info.plist */ = {isa = PBXFileReference; lastKnownFileType = text.plist.xml; path = Info.plist; sourceTree = "<group>"; };
		D218D65D21C74736006D8A04 /* main.m */ = {isa = PBXFileReference; lastKnownFileType = sourcecode.c.objc; path = main.m; sourceTree = "<group>"; };
		D218D66521C781C9006D8A04 /* DetailViewController.h */ = {isa = PBXFileReference; lastKnownFileType = sourcecode.c.h; path = DetailViewController.h; sourceTree = "<group>"; };
		D218D66621C781C9006D8A04 /* DetailViewController.m */ = {isa = PBXFileReference; lastKnownFileType = sourcecode.c.objc; path = DetailViewController.m; sourceTree = "<group>"; };
		D218DEEF21C8BDD3006D8A04 /* HYBluetooth.h */ = {isa = PBXFileReference; lastKnownFileType = sourcecode.c.h; path = HYBluetooth.h; sourceTree = "<group>"; };
		D218DEF021C8BDD3006D8A04 /* HYBluetooth.m */ = {isa = PBXFileReference; lastKnownFileType = sourcecode.c.objc; path = HYBluetooth.m; sourceTree = "<group>"; };
		D2857BF821C9160E00145DEE /* RootVC.h */ = {isa = PBXFileReference; lastKnownFileType = sourcecode.c.h; path = RootVC.h; sourceTree = "<group>"; };
		D2857BF921C9160E00145DEE /* RootVC.m */ = {isa = PBXFileReference; lastKnownFileType = sourcecode.c.objc; path = RootVC.m; sourceTree = "<group>"; };
		D2857BFB21C9ED4800145DEE /* PeripheralInfo.h */ = {isa = PBXFileReference; fileEncoding = 4; lastKnownFileType = sourcecode.c.h; path = PeripheralInfo.h; sourceTree = "<group>"; };
		D2857BFC21C9ED4800145DEE /* PeripheralInfo.m */ = {isa = PBXFileReference; fileEncoding = 4; lastKnownFileType = sourcecode.c.objc; path = PeripheralInfo.m; sourceTree = "<group>"; };
		D2857BFE21CA18DD00145DEE /* HYPeripheralCell.h */ = {isa = PBXFileReference; lastKnownFileType = sourcecode.c.h; path = HYPeripheralCell.h; sourceTree = "<group>"; };
		D2857BFF21CA18DD00145DEE /* HYPeripheralCell.m */ = {isa = PBXFileReference; lastKnownFileType = sourcecode.c.objc; path = HYPeripheralCell.m; sourceTree = "<group>"; };
		D2857C0021CA18DD00145DEE /* HYPeripheralCell.xib */ = {isa = PBXFileReference; lastKnownFileType = file.xib; path = HYPeripheralCell.xib; sourceTree = "<group>"; };
		D2857C0621CA29FC00145DEE /* NotificationVC.h */ = {isa = PBXFileReference; lastKnownFileType = sourcecode.c.h; path = NotificationVC.h; sourceTree = "<group>"; };
		D2857C0721CA29FC00145DEE /* NotificationVC.m */ = {isa = PBXFileReference; lastKnownFileType = sourcecode.c.objc; path = NotificationVC.m; sourceTree = "<group>"; };
		D2857C0821CA29FC00145DEE /* NotificationVC.xib */ = {isa = PBXFileReference; lastKnownFileType = file.xib; path = NotificationVC.xib; sourceTree = "<group>"; };
		D2857C0B21CA3C5F00145DEE /* NSData+UTF8.h */ = {isa = PBXFileReference; lastKnownFileType = sourcecode.c.h; path = "NSData+UTF8.h"; sourceTree = "<group>"; };
		D2857C0C21CA3C5F00145DEE /* NSData+UTF8.m */ = {isa = PBXFileReference; lastKnownFileType = sourcecode.c.objc; path = "NSData+UTF8.m"; sourceTree = "<group>"; };
/* End PBXFileReference section */

/* Begin PBXFrameworksBuildPhase section */
		D218D64821C74734006D8A04 /* Frameworks */ = {
			isa = PBXFrameworksBuildPhase;
			buildActionMask = 2147483647;
			files = (
			);
			runOnlyForDeploymentPostprocessing = 0;
		};
/* End PBXFrameworksBuildPhase section */

/* Begin PBXGroup section */
		D218D64221C74734006D8A04 = {
			isa = PBXGroup;
			children = (
				D218D64D21C74734006D8A04 /* HYBluetoothManager */,
				D218D64C21C74734006D8A04 /* Products */,
			);
			sourceTree = "<group>";
		};
		D218D64C21C74734006D8A04 /* Products */ = {
			isa = PBXGroup;
			children = (
				D218D64B21C74734006D8A04 /* HYBluetoothManager.app */,
			);
			name = Products;
			sourceTree = "<group>";
		};
		D218D64D21C74734006D8A04 /* HYBluetoothManager */ = {
			isa = PBXGroup;
			children = (
				D218D64E21C74734006D8A04 /* AppDelegate.h */,
				D218D64F21C74734006D8A04 /* AppDelegate.m */,
				D218D66421C7648E006D8A04 /* HYBluetooth */,
				D2857C0E21CA472700145DEE /* ViewController */,
				D2857C0F21CA474200145DEE /* Cell */,
				D2857C1021CA474F00145DEE /* Model */,
				D2857C1121CA475800145DEE /* Other */,
			);
			path = HYBluetoothManager;
			sourceTree = "<group>";
		};
		D218D66421C7648E006D8A04 /* HYBluetooth */ = {
			isa = PBXGroup;
			children = (
				D218DEEF21C8BDD3006D8A04 /* HYBluetooth.h */,
				D218DEF021C8BDD3006D8A04 /* HYBluetooth.m */,
			);
			path = HYBluetooth;
			sourceTree = "<group>";
		};
		D2857C0E21CA472700145DEE /* ViewController */ = {
			isa = PBXGroup;
			children = (
				D2857BF821C9160E00145DEE /* RootVC.h */,
				D2857BF921C9160E00145DEE /* RootVC.m */,
				D218D66521C781C9006D8A04 /* DetailViewController.h */,
				D218D66621C781C9006D8A04 /* DetailViewController.m */,
				D2857C0621CA29FC00145DEE /* NotificationVC.h */,
				D2857C0721CA29FC00145DEE /* NotificationVC.m */,
				D2857C0821CA29FC00145DEE /* NotificationVC.xib */,
			);
			path = ViewController;
			sourceTree = "<group>";
		};
		D2857C0F21CA474200145DEE /* Cell */ = {
			isa = PBXGroup;
			children = (
				D2857BFE21CA18DD00145DEE /* HYPeripheralCell.h */,
				D2857BFF21CA18DD00145DEE /* HYPeripheralCell.m */,
				D2857C0021CA18DD00145DEE /* HYPeripheralCell.xib */,
			);
			path = Cell;
			sourceTree = "<group>";
		};
		D2857C1021CA474F00145DEE /* Model */ = {
			isa = PBXGroup;
			children = (
				D2857BFB21C9ED4800145DEE /* PeripheralInfo.h */,
				D2857BFC21C9ED4800145DEE /* PeripheralInfo.m */,
			);
			path = Model;
			sourceTree = "<group>";
		};
		D2857C1121CA475800145DEE /* Other */ = {
			isa = PBXGroup;
			children = (
				D218D65721C74736006D8A04 /* Assets.xcassets */,
				D218D65921C74736006D8A04 /* LaunchScreen.storyboard */,
				D218D65C21C74736006D8A04 /* Info.plist */,
				D218D65D21C74736006D8A04 /* main.m */,
				D2857C0B21CA3C5F00145DEE /* NSData+UTF8.h */,
				D2857C0C21CA3C5F00145DEE /* NSData+UTF8.m */,
			);
			path = Other;
			sourceTree = "<group>";
		};
/* End PBXGroup section */

/* Begin PBXNativeTarget section */
		D218D64A21C74734006D8A04 /* HYBluetoothManager */ = {
			isa = PBXNativeTarget;
			buildConfigurationList = D218D66121C74736006D8A04 /* Build configuration list for PBXNativeTarget "HYBluetoothManager" */;
			buildPhases = (
				D218D64721C74734006D8A04 /* Sources */,
				D218D64821C74734006D8A04 /* Frameworks */,
				D218D64921C74734006D8A04 /* Resources */,
			);
			buildRules = (
			);
			dependencies = (
			);
			name = HYBluetoothManager;
			productName = HYBluetoothManager;
			productReference = D218D64B21C74734006D8A04 /* HYBluetoothManager.app */;
			productType = "com.apple.product-type.application";
		};
/* End PBXNativeTarget section */

/* Begin PBXProject section */
		D218D64321C74734006D8A04 /* Project object */ = {
			isa = PBXProject;
			attributes = {
				LastUpgradeCheck = 1010;
				ORGANIZATIONNAME = "徐浩宇";
				TargetAttributes = {
					D218D64A21C74734006D8A04 = {
						CreatedOnToolsVersion = 10.1;
						SystemCapabilities = {
							com.apple.BackgroundModes = {
								enabled = 1;
							};
						};
					};
				};
			};
			buildConfigurationList = D218D64621C74734006D8A04 /* Build configuration list for PBXProject "HYBluetoothManager" */;
			compatibilityVersion = "Xcode 9.3";
			developmentRegion = en;
			hasScannedForEncodings = 0;
			knownRegions = (
				en,
				Base,
			);
			mainGroup = D218D64221C74734006D8A04;
			productRefGroup = D218D64C21C74734006D8A04 /* Products */;
			projectDirPath = "";
			projectRoot = "";
			targets = (
				D218D64A21C74734006D8A04 /* HYBluetoothManager */,
			);
		};
/* End PBXProject section */

/* Begin PBXResourcesBuildPhase section */
		D218D64921C74734006D8A04 /* Resources */ = {
			isa = PBXResourcesBuildPhase;
			buildActionMask = 2147483647;
			files = (
				D218D65B21C74736006D8A04 /* LaunchScreen.storyboard in Resources */,
				D218D65821C74736006D8A04 /* Assets.xcassets in Resources */,
				D2857C0221CA18DD00145DEE /* HYPeripheralCell.xib in Resources */,
				D2857C0A21CA29FC00145DEE /* NotificationVC.xib in Resources */,
			);
			runOnlyForDeploymentPostprocessing = 0;
		};
/* End PBXResourcesBuildPhase section */

/* Begin PBXSourcesBuildPhase section */
		D218D64721C74734006D8A04 /* Sources */ = {
			isa = PBXSourcesBuildPhase;
			buildActionMask = 2147483647;
			files = (
				D2857BFA21C9160E00145DEE /* RootVC.m in Sources */,
				D2857C0921CA29FC00145DEE /* NotificationVC.m in Sources */,
				D218DEF121C8BDD3006D8A04 /* HYBluetooth.m in Sources */,
				D2857C0121CA18DD00145DEE /* HYPeripheralCell.m in Sources */,
				D2857BFD21C9ED4900145DEE /* PeripheralInfo.m in Sources */,
				D218D65E21C74736006D8A04 /* main.m in Sources */,
				D218D65021C74734006D8A04 /* AppDelegate.m in Sources */,
				D218D66721C781C9006D8A04 /* DetailViewController.m in Sources */,
				D2857C0D21CA3C5F00145DEE /* NSData+UTF8.m in Sources */,
			);
			runOnlyForDeploymentPostprocessing = 0;
		};
/* End PBXSourcesBuildPhase section */

/* Begin PBXVariantGroup section */
		D218D65921C74736006D8A04 /* LaunchScreen.storyboard */ = {
			isa = PBXVariantGroup;
			children = (
				D218D65A21C74736006D8A04 /* Base */,
			);
			name = LaunchScreen.storyboard;
			sourceTree = "<group>";
		};
/* End PBXVariantGroup section */

/* Begin XCBuildConfiguration section */
		D218D65F21C74736006D8A04 /* Debug */ = {
			isa = XCBuildConfiguration;
			buildSettings = {
				ALWAYS_SEARCH_USER_PATHS = NO;
				CLANG_ANALYZER_NONNULL = YES;
				CLANG_ANALYZER_NUMBER_OBJECT_CONVERSION = YES_AGGRESSIVE;
				CLANG_CXX_LANGUAGE_STANDARD = "gnu++14";
				CLANG_CXX_LIBRARY = "libc++";
				CLANG_ENABLE_MODULES = YES;
				CLANG_ENABLE_OBJC_ARC = YES;
				CLANG_ENABLE_OBJC_WEAK = YES;
				CLANG_WARN_BLOCK_CAPTURE_AUTORELEASING = YES;
				CLANG_WARN_BOOL_CONVERSION = YES;
				CLANG_WARN_COMMA = YES;
				CLANG_WARN_CONSTANT_CONVERSION = YES;
				CLANG_WARN_DEPRECATED_OBJC_IMPLEMENTATIONS = YES;
				CLANG_WARN_DIRECT_OBJC_ISA_USAGE = YES_ERROR;
				CLANG_WARN_DOCUMENTATION_COMMENTS = YES;
				CLANG_WARN_EMPTY_BODY = YES;
				CLANG_WARN_ENUM_CONVERSION = YES;
				CLANG_WARN_INFINITE_RECURSION = YES;
				CLANG_WARN_INT_CONVERSION = YES;
				CLANG_WARN_NON_LITERAL_NULL_CONVERSION = YES;
				CLANG_WARN_OBJC_IMPLICIT_RETAIN_SELF = YES;
				CLANG_WARN_OBJC_LITERAL_CONVERSION = YES;
				CLANG_WARN_OBJC_ROOT_CLASS = YES_ERROR;
				CLANG_WARN_RANGE_LOOP_ANALYSIS = YES;
				CLANG_WARN_STRICT_PROTOTYPES = YES;
				CLANG_WARN_SUSPICIOUS_MOVE = YES;
				CLANG_WARN_UNGUARDED_AVAILABILITY = YES_AGGRESSIVE;
				CLANG_WARN_UNREACHABLE_CODE = YES;
				CLANG_WARN__DUPLICATE_METHOD_MATCH = YES;
				CODE_SIGN_IDENTITY = "iPhone Developer";
				COPY_PHASE_STRIP = NO;
				DEBUG_INFORMATION_FORMAT = dwarf;
				ENABLE_STRICT_OBJC_MSGSEND = YES;
				ENABLE_TESTABILITY = YES;
				GCC_C_LANGUAGE_STANDARD = gnu11;
				GCC_DYNAMIC_NO_PIC = NO;
				GCC_NO_COMMON_BLOCKS = YES;
				GCC_OPTIMIZATION_LEVEL = 0;
				GCC_PREPROCESSOR_DEFINITIONS = (
					"DEBUG=1",
					"$(inherited)",
				);
				GCC_WARN_64_TO_32_BIT_CONVERSION = YES;
				GCC_WARN_ABOUT_RETURN_TYPE = YES_ERROR;
				GCC_WARN_UNDECLARED_SELECTOR = YES;
				GCC_WARN_UNINITIALIZED_AUTOS = YES_AGGRESSIVE;
				GCC_WARN_UNUSED_FUNCTION = YES;
				GCC_WARN_UNUSED_VARIABLE = YES;
				IPHONEOS_DEPLOYMENT_TARGET = 12.1;
				MTL_ENABLE_DEBUG_INFO = INCLUDE_SOURCE;
				MTL_FAST_MATH = YES;
				ONLY_ACTIVE_ARCH = YES;
				SDKROOT = iphoneos;
			};
			name = Debug;
		};
		D218D66021C74736006D8A04 /* Release */ = {
			isa = XCBuildConfiguration;
			buildSettings = {
				ALWAYS_SEARCH_USER_PATHS = NO;
				CLANG_ANALYZER_NONNULL = YES;
				CLANG_ANALYZER_NUMBER_OBJECT_CONVERSION = YES_AGGRESSIVE;
				CLANG_CXX_LANGUAGE_STANDARD = "gnu++14";
				CLANG_CXX_LIBRARY = "libc++";
				CLANG_ENABLE_MODULES = YES;
				CLANG_ENABLE_OBJC_ARC = YES;
				CLANG_ENABLE_OBJC_WEAK = YES;
				CLANG_WARN_BLOCK_CAPTURE_AUTORELEASING = YES;
				CLANG_WARN_BOOL_CONVERSION = YES;
				CLANG_WARN_COMMA = YES;
				CLANG_WARN_CONSTANT_CONVERSION = YES;
				CLANG_WARN_DEPRECATED_OBJC_IMPLEMENTATIONS = YES;
				CLANG_WARN_DIRECT_OBJC_ISA_USAGE = YES_ERROR;
				CLANG_WARN_DOCUMENTATION_COMMENTS = YES;
				CLANG_WARN_EMPTY_BODY = YES;
				CLANG_WARN_ENUM_CONVERSION = YES;
				CLANG_WARN_INFINITE_RECURSION = YES;
				CLANG_WARN_INT_CONVERSION = YES;
				CLANG_WARN_NON_LITERAL_NULL_CONVERSION = YES;
				CLANG_WARN_OBJC_IMPLICIT_RETAIN_SELF = YES;
				CLANG_WARN_OBJC_LITERAL_CONVERSION = YES;
				CLANG_WARN_OBJC_ROOT_CLASS = YES_ERROR;
				CLANG_WARN_RANGE_LOOP_ANALYSIS = YES;
				CLANG_WARN_STRICT_PROTOTYPES = YES;
				CLANG_WARN_SUSPICIOUS_MOVE = YES;
				CLANG_WARN_UNGUARDED_AVAILABILITY = YES_AGGRESSIVE;
				CLANG_WARN_UNREACHABLE_CODE = YES;
				CLANG_WARN__DUPLICATE_METHOD_MATCH = YES;
				CODE_SIGN_IDENTITY = "iPhone Developer";
				COPY_PHASE_STRIP = NO;
				DEBUG_INFORMATION_FORMAT = "dwarf-with-dsym";
				ENABLE_NS_ASSERTIONS = NO;
				ENABLE_STRICT_OBJC_MSGSEND = YES;
				GCC_C_LANGUAGE_STANDARD = gnu11;
				GCC_NO_COMMON_BLOCKS = YES;
				GCC_WARN_64_TO_32_BIT_CONVERSION = YES;
				GCC_WARN_ABOUT_RETURN_TYPE = YES_ERROR;
				GCC_WARN_UNDECLARED_SELECTOR = YES;
				GCC_WARN_UNINITIALIZED_AUTOS = YES_AGGRESSIVE;
				GCC_WARN_UNUSED_FUNCTION = YES;
				GCC_WARN_UNUSED_VARIABLE = YES;
				IPHONEOS_DEPLOYMENT_TARGET = 12.1;
				MTL_ENABLE_DEBUG_INFO = NO;
				MTL_FAST_MATH = YES;
				SDKROOT = iphoneos;
				VALIDATE_PRODUCT = YES;
			};
			name = Release;
		};
		D218D66221C74736006D8A04 /* Debug */ = {
			isa = XCBuildConfiguration;
			buildSettings = {
				ASSETCATALOG_COMPILER_APPICON_NAME = AppIcon;
				CODE_SIGN_STYLE = Automatic;
				DEVELOPMENT_TEAM = 53VRM8P8RX;
				INFOPLIST_FILE = HYBluetoothManager/Other/Info.plist;
				LD_RUNPATH_SEARCH_PATHS = (
					"$(inherited)",
					"@executable_path/Frameworks",
				);
				PRODUCT_BUNDLE_IDENTIFIER = com.xuhaoyu.HYBluetoothManager;
				PRODUCT_NAME = "$(TARGET_NAME)";
				TARGETED_DEVICE_FAMILY = "1,2";
			};
			name = Debug;
		};
		D218D66321C74736006D8A04 /* Release */ = {
			isa = XCBuildConfiguration;
			buildSettings = {
				ASSETCATALOG_COMPILER_APPICON_NAME = AppIcon;
				CODE_SIGN_STYLE = Automatic;
				DEVELOPMENT_TEAM = 53VRM8P8RX;
				INFOPLIST_FILE = HYBluetoothManager/Other/Info.plist;
				LD_RUNPATH_SEARCH_PATHS = (
					"$(inherited)",
					"@executable_path/Frameworks",
				);
				PRODUCT_BUNDLE_IDENTIFIER = com.xuhaoyu.HYBluetoothManager;
				PRODUCT_NAME = "$(TARGET_NAME)";
				TARGETED_DEVICE_FAMILY = "1,2";
			};
			name = Release;
		};
/* End XCBuildConfiguration section */

/* Begin XCConfigurationList section */
		D218D64621C74734006D8A04 /* Build configuration list for PBXProject "HYBluetoothManager" */ = {
			isa = XCConfigurationList;
			buildConfigurations = (
				D218D65F21C74736006D8A04 /* Debug */,
				D218D66021C74736006D8A04 /* Release */,
			);
			defaultConfigurationIsVisible = 0;
			defaultConfigurationName = Release;
		};
		D218D66121C74736006D8A04 /* Build configuration list for PBXNativeTarget "HYBluetoothManager" */ = {
			isa = XCConfigurationList;
			buildConfigurations = (
				D218D66221C74736006D8A04 /* Debug */,
				D218D66321C74736006D8A04 /* Release */,
			);
			defaultConfigurationIsVisible = 0;
			defaultConfigurationName = Release;
		};
/* End XCConfigurationList section */
	};
	rootObject = D218D64321C74734006D8A04 /* Project object */;
}
